// !$*UTF8*$!
{
	archiveVersion = 1;
	classes = {
	};
	objectVersion = 55;
	objects = {

/* Begin PBXBuildFile section */
		732CF2F32860FC95006ADD9F /* AppDelegate.swift in Sources */ = {isa = PBXBuildFile; fileRef = 732CF2F22860FC95006ADD9F /* AppDelegate.swift */; };
		732CF2F52860FC95006ADD9F /* SceneDelegate.swift in Sources */ = {isa = PBXBuildFile; fileRef = 732CF2F42860FC95006ADD9F /* SceneDelegate.swift */; };
		732CF2F72860FC95006ADD9F /* ViewController.swift in Sources */ = {isa = PBXBuildFile; fileRef = 732CF2F62860FC95006ADD9F /* ViewController.swift */; };
		732CF2FA2860FC95006ADD9F /* Main.storyboard in Resources */ = {isa = PBXBuildFile; fileRef = 732CF2F82860FC95006ADD9F /* Main.storyboard */; };
		732CF2FC2860FCA1006ADD9F /* Assets.xcassets in Resources */ = {isa = PBXBuildFile; fileRef = 732CF2FB2860FCA1006ADD9F /* Assets.xcassets */; };
		732CF2FF2860FCA1006ADD9F /* LaunchScreen.storyboard in Resources */ = {isa = PBXBuildFile; fileRef = 732CF2FD2860FCA1006ADD9F /* LaunchScreen.storyboard */; };
		732CF30A28610641006ADD9F /* User.swift in Sources */ = {isa = PBXBuildFile; fileRef = 732CF30928610640006ADD9F /* User.swift */; };
		732CF30C28610943006ADD9F /* Location.swift in Sources */ = {isa = PBXBuildFile; fileRef = 732CF30B28610943006ADD9F /* Location.swift */; };
		732CF30E28610A00006ADD9F /* Place.swift in Sources */ = {isa = PBXBuildFile; fileRef = 732CF30D28610A00006ADD9F /* Place.swift */; };
		732CF31028610E73006ADD9F /* Evaluate.swift in Sources */ = {isa = PBXBuildFile; fileRef = 732CF30F28610E73006ADD9F /* Evaluate.swift */; };
		732CF31228610F55006ADD9F /* Trail.swift in Sources */ = {isa = PBXBuildFile; fileRef = 732CF31128610F55006ADD9F /* Trail.swift */; };
		732CF31428611019006ADD9F /* DifficultyLevelEnum.swift in Sources */ = {isa = PBXBuildFile; fileRef = 732CF31328611019006ADD9F /* DifficultyLevelEnum.swift */; };
		732CF316286116F3006ADD9F /* OtherAttraction.swift in Sources */ = {isa = PBXBuildFile; fileRef = 732CF315286116F3006ADD9F /* OtherAttraction.swift */; };
		732CF3182861180F006ADD9F /* CategoryEnum.swift in Sources */ = {isa = PBXBuildFile; fileRef = 732CF3172861180F006ADD9F /* CategoryEnum.swift */; };
		732CF31B28611CEC006ADD9F /* UserDAO.swift in Sources */ = {isa = PBXBuildFile; fileRef = 732CF31A28611CEC006ADD9F /* UserDAO.swift */; };
		732CF31D28611D3C006ADD9F /* PlaceDAO.swift in Sources */ = {isa = PBXBuildFile; fileRef = 732CF31C28611D3C006ADD9F /* PlaceDAO.swift */; };
		732CF31F28611F55006ADD9F /* Login.swift in Sources */ = {isa = PBXBuildFile; fileRef = 732CF31E28611F55006ADD9F /* Login.swift */; };
		732CF325286A7BBC006ADD9F /* ListAllScreen.storyboard in Resources */ = {isa = PBXBuildFile; fileRef = 732CF324286A7BBC006ADD9F /* ListAllScreen.storyboard */; };
		732CF327286A7D57006ADD9F /* ListAllViewController.swift in Sources */ = {isa = PBXBuildFile; fileRef = 732CF326286A7D57006ADD9F /* ListAllViewController.swift */; };
		732CF329286A861A006ADD9F /* forest-circle.png in Resources */ = {isa = PBXBuildFile; fileRef = 732CF328286A861A006ADD9F /* forest-circle.png */; };
		732CF32C286A865A006ADD9F /* sea-circle.png in Resources */ = {isa = PBXBuildFile; fileRef = 732CF32A286A8659006ADD9F /* sea-circle.png */; };
		732CF32D286A865A006ADD9F /* rock-circle.png in Resources */ = {isa = PBXBuildFile; fileRef = 732CF32B286A865A006ADD9F /* rock-circle.png */; };
		DE64B7F4286AB5DD00D28E22 /* Register.xib in Resources */ = {isa = PBXBuildFile; fileRef = DE64B7F3286AB5DD00D28E22 /* Register.xib */; };
		DE64B7FB286ABE2000D28E22 /* heart.jpg in Resources */ = {isa = PBXBuildFile; fileRef = DE64B7F7286ABE2000D28E22 /* heart.jpg */; };
		DE64B7FC286ABE2000D28E22 /* apple.jpg in Resources */ = {isa = PBXBuildFile; fileRef = DE64B7F8286ABE2000D28E22 /* apple.jpg */; };
		DE64B7FD286ABE2000D28E22 /* facebook.jpg in Resources */ = {isa = PBXBuildFile; fileRef = DE64B7F9286ABE2000D28E22 /* facebook.jpg */; };
/* End PBXBuildFile section */

/* Begin PBXFileReference section */
		732CF2EF2860FC95006ADD9F /* eco-rio-app.app */ = {isa = PBXFileReference; explicitFileType = wrapper.application; includeInIndex = 0; path = "eco-rio-app.app"; sourceTree = BUILT_PRODUCTS_DIR; };
		732CF2F22860FC95006ADD9F /* AppDelegate.swift */ = {isa = PBXFileReference; lastKnownFileType = sourcecode.swift; path = AppDelegate.swift; sourceTree = "<group>"; };
		732CF2F42860FC95006ADD9F /* SceneDelegate.swift */ = {isa = PBXFileReference; lastKnownFileType = sourcecode.swift; path = SceneDelegate.swift; sourceTree = "<group>"; };
		732CF2F62860FC95006ADD9F /* ViewController.swift */ = {isa = PBXFileReference; lastKnownFileType = sourcecode.swift; path = ViewController.swift; sourceTree = "<group>"; };
		732CF2F92860FC95006ADD9F /* Base */ = {isa = PBXFileReference; lastKnownFileType = file.storyboard; name = Base; path = Base.lproj/Main.storyboard; sourceTree = "<group>"; };
		732CF2FB2860FCA1006ADD9F /* Assets.xcassets */ = {isa = PBXFileReference; lastKnownFileType = folder.assetcatalog; path = Assets.xcassets; sourceTree = "<group>"; };
		732CF2FE2860FCA1006ADD9F /* Base */ = {isa = PBXFileReference; lastKnownFileType = file.storyboard; name = Base; path = Base.lproj/LaunchScreen.storyboard; sourceTree = "<group>"; };
		732CF3002860FCA1006ADD9F /* Info.plist */ = {isa = PBXFileReference; lastKnownFileType = text.plist.xml; path = Info.plist; sourceTree = "<group>"; };
		732CF30928610640006ADD9F /* User.swift */ = {isa = PBXFileReference; lastKnownFileType = sourcecode.swift; path = User.swift; sourceTree = "<group>"; };
		732CF30B28610943006ADD9F /* Location.swift */ = {isa = PBXFileReference; lastKnownFileType = sourcecode.swift; path = Location.swift; sourceTree = "<group>"; };
		732CF30D28610A00006ADD9F /* Place.swift */ = {isa = PBXFileReference; lastKnownFileType = sourcecode.swift; path = Place.swift; sourceTree = "<group>"; };
		732CF30F28610E73006ADD9F /* Evaluate.swift */ = {isa = PBXFileReference; lastKnownFileType = sourcecode.swift; path = Evaluate.swift; sourceTree = "<group>"; };
		732CF31128610F55006ADD9F /* Trail.swift */ = {isa = PBXFileReference; lastKnownFileType = sourcecode.swift; path = Trail.swift; sourceTree = "<group>"; };
		732CF31328611019006ADD9F /* DifficultyLevelEnum.swift */ = {isa = PBXFileReference; lastKnownFileType = sourcecode.swift; path = DifficultyLevelEnum.swift; sourceTree = "<group>"; };
		732CF315286116F3006ADD9F /* OtherAttraction.swift */ = {isa = PBXFileReference; lastKnownFileType = sourcecode.swift; path = OtherAttraction.swift; sourceTree = "<group>"; };
		732CF3172861180F006ADD9F /* CategoryEnum.swift */ = {isa = PBXFileReference; lastKnownFileType = sourcecode.swift; path = CategoryEnum.swift; sourceTree = "<group>"; };
		732CF31A28611CEC006ADD9F /* UserDAO.swift */ = {isa = PBXFileReference; lastKnownFileType = sourcecode.swift; path = UserDAO.swift; sourceTree = "<group>"; };
		732CF31C28611D3C006ADD9F /* PlaceDAO.swift */ = {isa = PBXFileReference; lastKnownFileType = sourcecode.swift; path = PlaceDAO.swift; sourceTree = "<group>"; };
		732CF31E28611F55006ADD9F /* Login.swift */ = {isa = PBXFileReference; lastKnownFileType = sourcecode.swift; path = Login.swift; sourceTree = "<group>"; };
		732CF324286A7BBC006ADD9F /* ListAllScreen.storyboard */ = {isa = PBXFileReference; lastKnownFileType = file.storyboard; path = ListAllScreen.storyboard; sourceTree = "<group>"; };
		732CF326286A7D57006ADD9F /* ListAllViewController.swift */ = {isa = PBXFileReference; lastKnownFileType = sourcecode.swift; path = ListAllViewController.swift; sourceTree = "<group>"; };
		732CF328286A861A006ADD9F /* forest-circle.png */ = {isa = PBXFileReference; lastKnownFileType = image.png; name = "forest-circle.png"; path = "../../../Downloads/Nova Pasta Com Itens/forest-circle.png"; sourceTree = "<group>"; };
		732CF32A286A8659006ADD9F /* sea-circle.png */ = {isa = PBXFileReference; lastKnownFileType = image.png; name = "sea-circle.png"; path = "../../../Downloads/Nova Pasta Com Itens/sea-circle.png"; sourceTree = "<group>"; };
		732CF32B286A865A006ADD9F /* rock-circle.png */ = {isa = PBXFileReference; lastKnownFileType = image.png; name = "rock-circle.png"; path = "../../../Downloads/Nova Pasta Com Itens/rock-circle.png"; sourceTree = "<group>"; };
		DE64B7F3286AB5DD00D28E22 /* Register.xib */ = {isa = PBXFileReference; lastKnownFileType = file.xib; path = Register.xib; sourceTree = "<group>"; };
		DE64B7F7286ABE2000D28E22 /* heart.jpg */ = {isa = PBXFileReference; lastKnownFileType = image.jpeg; name = heart.jpg; path = ../../../Downloads/heart.jpg; sourceTree = "<group>"; };
		DE64B7F8286ABE2000D28E22 /* apple.jpg */ = {isa = PBXFileReference; lastKnownFileType = image.jpeg; name = apple.jpg; path = ../../../Downloads/apple.jpg; sourceTree = "<group>"; };
		DE64B7F9286ABE2000D28E22 /* facebook.jpg */ = {isa = PBXFileReference; lastKnownFileType = image.jpeg; name = facebook.jpg; path = ../../../Downloads/facebook.jpg; sourceTree = "<group>"; };
		DE64B800286ABE6300D28E22 /* facebook.jpg */ = {isa = PBXFileReference; lastKnownFileType = image.jpeg; path = facebook.jpg; sourceTree = "<group>"; };
		DE64B801286ABE6E00D28E22 /* google.jpg */ = {isa = PBXFileReference; lastKnownFileType = image.jpeg; path = google.jpg; sourceTree = "<group>"; };
		DE64B802286ABE7600D28E22 /* heart.jpg */ = {isa = PBXFileReference; lastKnownFileType = image.jpeg; path = heart.jpg; sourceTree = "<group>"; };
		DE64B803286ABE9A00D28E22 /* apple.jpg */ = {isa = PBXFileReference; lastKnownFileType = image.jpeg; path = apple.jpg; sourceTree = "<group>"; };
/* End PBXFileReference section */

/* Begin PBXFrameworksBuildPhase section */
		732CF2EC2860FC95006ADD9F /* Frameworks */ = {
			isa = PBXFrameworksBuildPhase;
			buildActionMask = 2147483647;
			files = (
			);
			runOnlyForDeploymentPostprocessing = 0;
		};
/* End PBXFrameworksBuildPhase section */

/* Begin PBXGroup section */
		732CF2E62860FC94006ADD9F = {
			isa = PBXGroup;
			children = (
				732CF2F12860FC95006ADD9F /* eco-rio-app */,
				732CF2F02860FC95006ADD9F /* Products */,
			);
			sourceTree = "<group>";
		};
		732CF2F02860FC95006ADD9F /* Products */ = {
			isa = PBXGroup;
			children = (
				732CF2EF2860FC95006ADD9F /* eco-rio-app.app */,
			);
			name = Products;
			sourceTree = "<group>";
		};
		732CF2F12860FC95006ADD9F /* eco-rio-app */ = {
			isa = PBXGroup;
			children = (
				DE64B7FF286ABE4600D28E22 /* Resources */,
				732CF31928611CB8006ADD9F /* persistence */,
				732CF3082860FF7A006ADD9F /* controller */,
				732CF3072860FF6F006ADD9F /* view */,
				732CF3062860FF63006ADD9F /* model */,
				732CF2F22860FC95006ADD9F /* AppDelegate.swift */,
				732CF2F42860FC95006ADD9F /* SceneDelegate.swift */,
				DE64B7F8286ABE2000D28E22 /* apple.jpg */,
				DE64B7F9286ABE2000D28E22 /* facebook.jpg */,
				DE64B7F7286ABE2000D28E22 /* heart.jpg */,
				732CF2FB2860FCA1006ADD9F /* Assets.xcassets */,
				732CF32B286A865A006ADD9F /* rock-circle.png */,
				732CF32A286A8659006ADD9F /* sea-circle.png */,
				732CF328286A861A006ADD9F /* forest-circle.png */,
				732CF3002860FCA1006ADD9F /* Info.plist */,
			);
			path = "eco-rio-app";
			sourceTree = "<group>";
		};
		732CF3062860FF63006ADD9F /* model */ = {
			isa = PBXGroup;
			children = (
				732CF30928610640006ADD9F /* User.swift */,
				732CF30B28610943006ADD9F /* Location.swift */,
				732CF30D28610A00006ADD9F /* Place.swift */,
				732CF30F28610E73006ADD9F /* Evaluate.swift */,
				732CF31128610F55006ADD9F /* Trail.swift */,
				732CF31328611019006ADD9F /* DifficultyLevelEnum.swift */,
				732CF315286116F3006ADD9F /* OtherAttraction.swift */,
				732CF3172861180F006ADD9F /* CategoryEnum.swift */,
				732CF31E28611F55006ADD9F /* Login.swift */,
			);
			path = model;
			sourceTree = "<group>";
		};
		732CF3072860FF6F006ADD9F /* view */ = {
			isa = PBXGroup;
			children = (
				732CF2F82860FC95006ADD9F /* Main.storyboard */,
				732CF2FD2860FCA1006ADD9F /* LaunchScreen.storyboard */,
				732CF324286A7BBC006ADD9F /* ListAllScreen.storyboard */,
				DE64B7F3286AB5DD00D28E22 /* Register.xib */,
			);
			path = view;
			sourceTree = "<group>";
		};
		732CF3082860FF7A006ADD9F /* controller */ = {
			isa = PBXGroup;
			children = (
				732CF2F62860FC95006ADD9F /* ViewController.swift */,
				732CF326286A7D57006ADD9F /* ListAllViewController.swift */,
			);
			path = controller;
			sourceTree = "<group>";
		};
		732CF31928611CB8006ADD9F /* persistence */ = {
			isa = PBXGroup;
			children = (
				732CF31A28611CEC006ADD9F /* UserDAO.swift */,
				732CF31C28611D3C006ADD9F /* PlaceDAO.swift */,
			);
			path = persistence;
			sourceTree = "<group>";
		};
		DE64B7FF286ABE4600D28E22 /* Resources */ = {
			isa = PBXGroup;
			children = (
				DE64B803286ABE9A00D28E22 /* apple.jpg */,
				DE64B802286ABE7600D28E22 /* heart.jpg */,
				DE64B801286ABE6E00D28E22 /* google.jpg */,
				DE64B800286ABE6300D28E22 /* facebook.jpg */,
			);
			path = Resources;
			sourceTree = "<group>";
		};
/* End PBXGroup section */

/* Begin PBXNativeTarget section */
		732CF2EE2860FC95006ADD9F /* eco-rio-app */ = {
			isa = PBXNativeTarget;
			buildConfigurationList = 732CF3032860FCA2006ADD9F /* Build configuration list for PBXNativeTarget "eco-rio-app" */;
			buildPhases = (
				732CF2EB2860FC95006ADD9F /* Sources */,
				732CF2EC2860FC95006ADD9F /* Frameworks */,
				732CF2ED2860FC95006ADD9F /* Resources */,
			);
			buildRules = (
			);
			dependencies = (
			);
			name = "eco-rio-app";
			productName = "eco-rio-app";
			productReference = 732CF2EF2860FC95006ADD9F /* eco-rio-app.app */;
			productType = "com.apple.product-type.application";
		};
/* End PBXNativeTarget section */

/* Begin PBXProject section */
		732CF2E72860FC94006ADD9F /* Project object */ = {
			isa = PBXProject;
			attributes = {
				BuildIndependentTargetsInParallel = 1;
				LastSwiftUpdateCheck = 1320;
				LastUpgradeCheck = 1320;
				TargetAttributes = {
					732CF2EE2860FC95006ADD9F = {
						CreatedOnToolsVersion = 13.2.1;
					};
				};
			};
			buildConfigurationList = 732CF2EA2860FC94006ADD9F /* Build configuration list for PBXProject "eco-rio-app" */;
			compatibilityVersion = "Xcode 13.0";
			developmentRegion = en;
			hasScannedForEncodings = 0;
			knownRegions = (
				en,
				Base,
			);
			mainGroup = 732CF2E62860FC94006ADD9F;
			productRefGroup = 732CF2F02860FC95006ADD9F /* Products */;
			projectDirPath = "";
			projectRoot = "";
			targets = (
				732CF2EE2860FC95006ADD9F /* eco-rio-app */,
			);
		};
/* End PBXProject section */

/* Begin PBXResourcesBuildPhase section */
		732CF2ED2860FC95006ADD9F /* Resources */ = {
			isa = PBXResourcesBuildPhase;
			buildActionMask = 2147483647;
			files = (
				732CF325286A7BBC006ADD9F /* ListAllScreen.storyboard in Resources */,
				732CF2FF2860FCA1006ADD9F /* LaunchScreen.storyboard in Resources */,
				732CF2FC2860FCA1006ADD9F /* Assets.xcassets in Resources */,
				732CF32C286A865A006ADD9F /* sea-circle.png in Resources */,
				732CF329286A861A006ADD9F /* forest-circle.png in Resources */,
				732CF32D286A865A006ADD9F /* rock-circle.png in Resources */,
                        	DE64B7F4286AB5DD00D28E22 /* Register.xib in Resources */,
				DE64B7FC286ABE2000D28E22 /* apple.jpg in Resources */,
				732CF2FA2860FC95006ADD9F /* Main.storyboard in Resources */,
				DE64B7FD286ABE2000D28E22 /* facebook.jpg in Resources */,
				DE64B7FB286ABE2000D28E22 /* heart.jpg in Resources */,
			);
			runOnlyForDeploymentPostprocessing = 0;
		};
/* End PBXResourcesBuildPhase section */

/* Begin PBXSourcesBuildPhase section */
		732CF2EB2860FC95006ADD9F /* Sources */ = {
			isa = PBXSourcesBuildPhase;
			buildActionMask = 2147483647;
			files = (
				732CF30A28610641006ADD9F /* User.swift in Sources */,
				732CF2F72860FC95006ADD9F /* ViewController.swift in Sources */,
				732CF3182861180F006ADD9F /* CategoryEnum.swift in Sources */,
				732CF31228610F55006ADD9F /* Trail.swift in Sources */,
				732CF31D28611D3C006ADD9F /* PlaceDAO.swift in Sources */,
				732CF316286116F3006ADD9F /* OtherAttraction.swift in Sources */,
				732CF30C28610943006ADD9F /* Location.swift in Sources */,
				732CF31F28611F55006ADD9F /* Login.swift in Sources */,
				732CF30E28610A00006ADD9F /* Place.swift in Sources */,
				732CF31B28611CEC006ADD9F /* UserDAO.swift in Sources */,
				732CF327286A7D57006ADD9F /* ListAllViewController.swift in Sources */,
				732CF2F32860FC95006ADD9F /* AppDelegate.swift in Sources */,
				732CF31428611019006ADD9F /* DifficultyLevelEnum.swift in Sources */,
				732CF31028610E73006ADD9F /* Evaluate.swift in Sources */,
				732CF2F52860FC95006ADD9F /* SceneDelegate.swift in Sources */,
			);
			runOnlyForDeploymentPostprocessing = 0;
		};
/* End PBXSourcesBuildPhase section */

/* Begin PBXVariantGroup section */
		732CF2F82860FC95006ADD9F /* Main.storyboard */ = {
			isa = PBXVariantGroup;
			children = (
				732CF2F92860FC95006ADD9F /* Base */,
			);
			name = Main.storyboard;
			sourceTree = "<group>";
		};
		732CF2FD2860FCA1006ADD9F /* LaunchScreen.storyboard */ = {
			isa = PBXVariantGroup;
			children = (
				732CF2FE2860FCA1006ADD9F /* Base */,
			);
			name = LaunchScreen.storyboard;
			sourceTree = "<group>";
		};
/* End PBXVariantGroup section */

/* Begin XCBuildConfiguration section */
		732CF3012860FCA1006ADD9F /* Debug */ = {
			isa = XCBuildConfiguration;
			buildSettings = {
				ALWAYS_SEARCH_USER_PATHS = NO;
				CLANG_ANALYZER_NONNULL = YES;
				CLANG_ANALYZER_NUMBER_OBJECT_CONVERSION = YES_AGGRESSIVE;
				CLANG_CXX_LANGUAGE_STANDARD = "gnu++17";
				CLANG_CXX_LIBRARY = "libc++";
				CLANG_ENABLE_MODULES = YES;
				CLANG_ENABLE_OBJC_ARC = YES;
				CLANG_ENABLE_OBJC_WEAK = YES;
				CLANG_WARN_BLOCK_CAPTURE_AUTORELEASING = YES;
				CLANG_WARN_BOOL_CONVERSION = YES;
				CLANG_WARN_COMMA = YES;
				CLANG_WARN_CONSTANT_CONVERSION = YES;
				CLANG_WARN_DEPRECATED_OBJC_IMPLEMENTATIONS = YES;
				CLANG_WARN_DIRECT_OBJC_ISA_USAGE = YES_ERROR;
				CLANG_WARN_DOCUMENTATION_COMMENTS = YES;
				CLANG_WARN_EMPTY_BODY = YES;
				CLANG_WARN_ENUM_CONVERSION = YES;
				CLANG_WARN_INFINITE_RECURSION = YES;
				CLANG_WARN_INT_CONVERSION = YES;
				CLANG_WARN_NON_LITERAL_NULL_CONVERSION = YES;
				CLANG_WARN_OBJC_IMPLICIT_RETAIN_SELF = YES;
				CLANG_WARN_OBJC_LITERAL_CONVERSION = YES;
				CLANG_WARN_OBJC_ROOT_CLASS = YES_ERROR;
				CLANG_WARN_QUOTED_INCLUDE_IN_FRAMEWORK_HEADER = YES;
				CLANG_WARN_RANGE_LOOP_ANALYSIS = YES;
				CLANG_WARN_STRICT_PROTOTYPES = YES;
				CLANG_WARN_SUSPICIOUS_MOVE = YES;
				CLANG_WARN_UNGUARDED_AVAILABILITY = YES_AGGRESSIVE;
				CLANG_WARN_UNREACHABLE_CODE = YES;
				CLANG_WARN__DUPLICATE_METHOD_MATCH = YES;
				COPY_PHASE_STRIP = NO;
				DEBUG_INFORMATION_FORMAT = dwarf;
				ENABLE_STRICT_OBJC_MSGSEND = YES;
				ENABLE_TESTABILITY = YES;
				GCC_C_LANGUAGE_STANDARD = gnu11;
				GCC_DYNAMIC_NO_PIC = NO;
				GCC_NO_COMMON_BLOCKS = YES;
				GCC_OPTIMIZATION_LEVEL = 0;
				GCC_PREPROCESSOR_DEFINITIONS = (
					"DEBUG=1",
					"$(inherited)",
				);
				GCC_WARN_64_TO_32_BIT_CONVERSION = YES;
				GCC_WARN_ABOUT_RETURN_TYPE = YES_ERROR;
				GCC_WARN_UNDECLARED_SELECTOR = YES;
				GCC_WARN_UNINITIALIZED_AUTOS = YES_AGGRESSIVE;
				GCC_WARN_UNUSED_FUNCTION = YES;
				GCC_WARN_UNUSED_VARIABLE = YES;
				IPHONEOS_DEPLOYMENT_TARGET = 15.2;
				MTL_ENABLE_DEBUG_INFO = INCLUDE_SOURCE;
				MTL_FAST_MATH = YES;
				ONLY_ACTIVE_ARCH = YES;
				SDKROOT = iphoneos;
				SWIFT_ACTIVE_COMPILATION_CONDITIONS = DEBUG;
				SWIFT_OPTIMIZATION_LEVEL = "-Onone";
			};
			name = Debug;
		};
		732CF3022860FCA1006ADD9F /* Release */ = {
			isa = XCBuildConfiguration;
			buildSettings = {
				ALWAYS_SEARCH_USER_PATHS = NO;
				CLANG_ANALYZER_NONNULL = YES;
				CLANG_ANALYZER_NUMBER_OBJECT_CONVERSION = YES_AGGRESSIVE;
				CLANG_CXX_LANGUAGE_STANDARD = "gnu++17";
				CLANG_CXX_LIBRARY = "libc++";
				CLANG_ENABLE_MODULES = YES;
				CLANG_ENABLE_OBJC_ARC = YES;
				CLANG_ENABLE_OBJC_WEAK = YES;
				CLANG_WARN_BLOCK_CAPTURE_AUTORELEASING = YES;
				CLANG_WARN_BOOL_CONVERSION = YES;
				CLANG_WARN_COMMA = YES;
				CLANG_WARN_CONSTANT_CONVERSION = YES;
				CLANG_WARN_DEPRECATED_OBJC_IMPLEMENTATIONS = YES;
				CLANG_WARN_DIRECT_OBJC_ISA_USAGE = YES_ERROR;
				CLANG_WARN_DOCUMENTATION_COMMENTS = YES;
				CLANG_WARN_EMPTY_BODY = YES;
				CLANG_WARN_ENUM_CONVERSION = YES;
				CLANG_WARN_INFINITE_RECURSION = YES;
				CLANG_WARN_INT_CONVERSION = YES;
				CLANG_WARN_NON_LITERAL_NULL_CONVERSION = YES;
				CLANG_WARN_OBJC_IMPLICIT_RETAIN_SELF = YES;
				CLANG_WARN_OBJC_LITERAL_CONVERSION = YES;
				CLANG_WARN_OBJC_ROOT_CLASS = YES_ERROR;
				CLANG_WARN_QUOTED_INCLUDE_IN_FRAMEWORK_HEADER = YES;
				CLANG_WARN_RANGE_LOOP_ANALYSIS = YES;
				CLANG_WARN_STRICT_PROTOTYPES = YES;
				CLANG_WARN_SUSPICIOUS_MOVE = YES;
				CLANG_WARN_UNGUARDED_AVAILABILITY = YES_AGGRESSIVE;
				CLANG_WARN_UNREACHABLE_CODE = YES;
				CLANG_WARN__DUPLICATE_METHOD_MATCH = YES;
				COPY_PHASE_STRIP = NO;
				DEBUG_INFORMATION_FORMAT = "dwarf-with-dsym";
				ENABLE_NS_ASSERTIONS = NO;
				ENABLE_STRICT_OBJC_MSGSEND = YES;
				GCC_C_LANGUAGE_STANDARD = gnu11;
				GCC_NO_COMMON_BLOCKS = YES;
				GCC_WARN_64_TO_32_BIT_CONVERSION = YES;
				GCC_WARN_ABOUT_RETURN_TYPE = YES_ERROR;
				GCC_WARN_UNDECLARED_SELECTOR = YES;
				GCC_WARN_UNINITIALIZED_AUTOS = YES_AGGRESSIVE;
				GCC_WARN_UNUSED_FUNCTION = YES;
				GCC_WARN_UNUSED_VARIABLE = YES;
				IPHONEOS_DEPLOYMENT_TARGET = 15.2;
				MTL_ENABLE_DEBUG_INFO = NO;
				MTL_FAST_MATH = YES;
				SDKROOT = iphoneos;
				SWIFT_COMPILATION_MODE = wholemodule;
				SWIFT_OPTIMIZATION_LEVEL = "-O";
				VALIDATE_PRODUCT = YES;
			};
			name = Release;
		};
		732CF3042860FCA2006ADD9F /* Debug */ = {
			isa = XCBuildConfiguration;
			buildSettings = {
				ASSETCATALOG_COMPILER_APPICON_NAME = AppIcon;
				ASSETCATALOG_COMPILER_GLOBAL_ACCENT_COLOR_NAME = AccentColor;
				CODE_SIGN_STYLE = Automatic;
				CURRENT_PROJECT_VERSION = 1;
				GENERATE_INFOPLIST_FILE = YES;
				INFOPLIST_FILE = "eco-rio-app/Info.plist";
				INFOPLIST_KEY_UIApplicationSupportsIndirectInputEvents = YES;
				INFOPLIST_KEY_UILaunchStoryboardName = LaunchScreen;
				INFOPLIST_KEY_UIMainStoryboardFile = Main;
				INFOPLIST_KEY_UISupportedInterfaceOrientations_iPad = "UIInterfaceOrientationPortrait UIInterfaceOrientationPortraitUpsideDown UIInterfaceOrientationLandscapeLeft UIInterfaceOrientationLandscapeRight";
				INFOPLIST_KEY_UISupportedInterfaceOrientations_iPhone = "UIInterfaceOrientationPortrait UIInterfaceOrientationLandscapeLeft UIInterfaceOrientationLandscapeRight";
				LD_RUNPATH_SEARCH_PATHS = (
					"$(inherited)",
					"@executable_path/Frameworks",
				);
				MARKETING_VERSION = 1.0;
				PRODUCT_BUNDLE_IDENTIFIER = "eco-rio.eco-rio-app";
				PRODUCT_NAME = "$(TARGET_NAME)";
				SWIFT_EMIT_LOC_STRINGS = YES;
				SWIFT_VERSION = 5.0;
				TARGETED_DEVICE_FAMILY = "1,2";
			};
			name = Debug;
		};
		732CF3052860FCA2006ADD9F /* Release */ = {
			isa = XCBuildConfiguration;
			buildSettings = {
				ASSETCATALOG_COMPILER_APPICON_NAME = AppIcon;
				ASSETCATALOG_COMPILER_GLOBAL_ACCENT_COLOR_NAME = AccentColor;
				CODE_SIGN_STYLE = Automatic;
				CURRENT_PROJECT_VERSION = 1;
				GENERATE_INFOPLIST_FILE = YES;
				INFOPLIST_FILE = "eco-rio-app/Info.plist";
				INFOPLIST_KEY_UIApplicationSupportsIndirectInputEvents = YES;
				INFOPLIST_KEY_UILaunchStoryboardName = LaunchScreen;
				INFOPLIST_KEY_UIMainStoryboardFile = Main;
				INFOPLIST_KEY_UISupportedInterfaceOrientations_iPad = "UIInterfaceOrientationPortrait UIInterfaceOrientationPortraitUpsideDown UIInterfaceOrientationLandscapeLeft UIInterfaceOrientationLandscapeRight";
				INFOPLIST_KEY_UISupportedInterfaceOrientations_iPhone = "UIInterfaceOrientationPortrait UIInterfaceOrientationLandscapeLeft UIInterfaceOrientationLandscapeRight";
				LD_RUNPATH_SEARCH_PATHS = (
					"$(inherited)",
					"@executable_path/Frameworks",
				);
				MARKETING_VERSION = 1.0;
				PRODUCT_BUNDLE_IDENTIFIER = "eco-rio.eco-rio-app";
				PRODUCT_NAME = "$(TARGET_NAME)";
				SWIFT_EMIT_LOC_STRINGS = YES;
				SWIFT_VERSION = 5.0;
				TARGETED_DEVICE_FAMILY = "1,2";
			};
			name = Release;
		};
/* End XCBuildConfiguration section */

/* Begin XCConfigurationList section */
		732CF2EA2860FC94006ADD9F /* Build configuration list for PBXProject "eco-rio-app" */ = {
			isa = XCConfigurationList;
			buildConfigurations = (
				732CF3012860FCA1006ADD9F /* Debug */,
				732CF3022860FCA1006ADD9F /* Release */,
			);
			defaultConfigurationIsVisible = 0;
			defaultConfigurationName = Release;
		};
		732CF3032860FCA2006ADD9F /* Build configuration list for PBXNativeTarget "eco-rio-app" */ = {
			isa = XCConfigurationList;
			buildConfigurations = (
				732CF3042860FCA2006ADD9F /* Debug */,
				732CF3052860FCA2006ADD9F /* Release */,
			);
			defaultConfigurationIsVisible = 0;
			defaultConfigurationName = Release;
		};
/* End XCConfigurationList section */
	};
	rootObject = 732CF2E72860FC94006ADD9F /* Project object */;
}
