// !$*UTF8*$!
{
	archiveVersion = 1;
	classes = {
	};
	objectVersion = 55;
	objects = {

/* Begin PBXBuildFile section */
		732CF2F32860FC95006ADD9F /* AppDelegate.swift in Sources */ = {isa = PBXBuildFile; fileRef = 732CF2F22860FC95006ADD9F /* AppDelegate.swift */; };
		732CF2F52860FC95006ADD9F /* SceneDelegate.swift in Sources */ = {isa = PBXBuildFile; fileRef = 732CF2F42860FC95006ADD9F /* SceneDelegate.swift */; };
		732CF2F72860FC95006ADD9F /* ViewController.swift in Sources */ = {isa = PBXBuildFile; fileRef = 732CF2F62860FC95006ADD9F /* ViewController.swift */; };
		732CF2FA2860FC95006ADD9F /* Main.storyboard in Resources */ = {isa = PBXBuildFile; fileRef = 732CF2F82860FC95006ADD9F /* Main.storyboard */; };
		732CF2FC2860FCA1006ADD9F /* Assets.xcassets in Resources */ = {isa = PBXBuildFile; fileRef = 732CF2FB2860FCA1006ADD9F /* Assets.xcassets */; };
		732CF2FF2860FCA1006ADD9F /* LaunchScreen.storyboard in Resources */ = {isa = PBXBuildFile; fileRef = 732CF2FD2860FCA1006ADD9F /* LaunchScreen.storyboard */; };
		732CF30A28610641006ADD9F /* User.swift in Sources */ = {isa = PBXBuildFile; fileRef = 732CF30928610640006ADD9F /* User.swift */; };
		732CF30C28610943006ADD9F /* Location.swift in Sources */ = {isa = PBXBuildFile; fileRef = 732CF30B28610943006ADD9F /* Location.swift */; };
		732CF30E28610A00006ADD9F /* Place.swift in Sources */ = {isa = PBXBuildFile; fileRef = 732CF30D28610A00006ADD9F /* Place.swift */; };
		732CF31028610E73006ADD9F /* Evaluate.swift in Sources */ = {isa = PBXBuildFile; fileRef = 732CF30F28610E73006ADD9F /* Evaluate.swift */; };
		732CF31228610F55006ADD9F /* Trail.swift in Sources */ = {isa = PBXBuildFile; fileRef = 732CF31128610F55006ADD9F /* Trail.swift */; };
		732CF31428611019006ADD9F /* DifficultyLevelEnum.swift in Sources */ = {isa = PBXBuildFile; fileRef = 732CF31328611019006ADD9F /* DifficultyLevelEnum.swift */; };
		732CF316286116F3006ADD9F /* OtherAttraction.swift in Sources */ = {isa = PBXBuildFile; fileRef = 732CF315286116F3006ADD9F /* OtherAttraction.swift */; };
		732CF3182861180F006ADD9F /* CategoryEnum.swift in Sources */ = {isa = PBXBuildFile; fileRef = 732CF3172861180F006ADD9F /* CategoryEnum.swift */; };
		732CF31B28611CEC006ADD9F /* UserDAO.swift in Sources */ = {isa = PBXBuildFile; fileRef = 732CF31A28611CEC006ADD9F /* UserDAO.swift */; };
		732CF31D28611D3C006ADD9F /* PlaceDAO.swift in Sources */ = {isa = PBXBuildFile; fileRef = 732CF31C28611D3C006ADD9F /* PlaceDAO.swift */; };
		732CF31F28611F55006ADD9F /* LoginStrategy.swift in Sources */ = {isa = PBXBuildFile; fileRef = 732CF31E28611F55006ADD9F /* LoginStrategy.swift */; };
		732CF325286A7BBC006ADD9F /* ListAllScreen.storyboard in Resources */ = {isa = PBXBuildFile; fileRef = 732CF324286A7BBC006ADD9F /* ListAllScreen.storyboard */; };
		732CF327286A7D57006ADD9F /* ListAllViewController.swift in Sources */ = {isa = PBXBuildFile; fileRef = 732CF326286A7D57006ADD9F /* ListAllViewController.swift */; };
		73BAA7872872513F00957FA1 /* InMemoryPlaceDAO.swift in Sources */ = {isa = PBXBuildFile; fileRef = 733A3997286B817600160B4E /* InMemoryPlaceDAO.swift */; };
		73BAA789287259C900957FA1 /* star.png in Resources */ = {isa = PBXBuildFile; fileRef = 73BAA788287259C800957FA1 /* star.png */; };
		73BAA78C28725D0A00957FA1 /* unvisited.png in Resources */ = {isa = PBXBuildFile; fileRef = 73BAA78A28725D0800957FA1 /* unvisited.png */; };
		73BAA78D28725D0A00957FA1 /* visited.png in Resources */ = {isa = PBXBuildFile; fileRef = 73BAA78B28725D0900957FA1 /* visited.png */; };
		73BAA78F28738C7800957FA1 /* InMemoryUserDAO.swift in Sources */ = {isa = PBXBuildFile; fileRef = 73BAA78E28738C7700957FA1 /* InMemoryUserDAO.swift */; };
		73BAA791287392CD00957FA1 /* Session.swift in Sources */ = {isa = PBXBuildFile; fileRef = 73BAA790287392CD00957FA1 /* Session.swift */; };
		73BAA7932873AC2D00957FA1 /* pointer.png in Resources */ = {isa = PBXBuildFile; fileRef = 73BAA7922873AC2D00957FA1 /* pointer.png */; };
		73BAA7952873AE0700957FA1 /* ListNearbyPlacesViewController.swift in Sources */ = {isa = PBXBuildFile; fileRef = 73BAA7942873AE0600957FA1 /* ListNearbyPlacesViewController.swift */; };
		73BAA79F2873BD2800957FA1 /* aterro-fla.jpg in Resources */ = {isa = PBXBuildFile; fileRef = 73BAA7962873BD2500957FA1 /* aterro-fla.jpg */; };
		73BAA7A02873BD2800957FA1 /* parque-da-cidade.jpg in Resources */ = {isa = PBXBuildFile; fileRef = 73BAA7972873BD2600957FA1 /* parque-da-cidade.jpg */; };
		73BAA7A12873BD2800957FA1 /* jardim-botanico.jpg in Resources */ = {isa = PBXBuildFile; fileRef = 73BAA7982873BD2600957FA1 /* jardim-botanico.jpg */; };
		73BAA7A22873BD2800957FA1 /* praia-copa.jpg in Resources */ = {isa = PBXBuildFile; fileRef = 73BAA7992873BD2700957FA1 /* praia-copa.jpg */; };
		73BAA7A32873BD2800957FA1 /* lagoa.jpg in Resources */ = {isa = PBXBuildFile; fileRef = 73BAA79A2873BD2700957FA1 /* lagoa.jpg */; };
		73BAA7A42873BD2800957FA1 /* catacumba.jpg in Resources */ = {isa = PBXBuildFile; fileRef = 73BAA79B2873BD2700957FA1 /* catacumba.jpg */; };
		73BAA7A52873BD2800957FA1 /* parque-lage.jpg in Resources */ = {isa = PBXBuildFile; fileRef = 73BAA79C2873BD2700957FA1 /* parque-lage.jpg */; };
		73BAA7A62873BD2800957FA1 /* morro-urca.jpg in Resources */ = {isa = PBXBuildFile; fileRef = 73BAA79D2873BD2700957FA1 /* morro-urca.jpg */; };
		73BAA7A72873BD2800957FA1 /* praia-leblon.jpg in Resources */ = {isa = PBXBuildFile; fileRef = 73BAA79E2873BD2800957FA1 /* praia-leblon.jpg */; };
		73BAA7A92873CB2200957FA1 /* DetailingOtherPlaces.storyboard in Resources */ = {isa = PBXBuildFile; fileRef = 73BAA7A82873CB2100957FA1 /* DetailingOtherPlaces.storyboard */; };
		73BAA7AD2873CCCA00957FA1 /* DetailedViewController.swift in Sources */ = {isa = PBXBuildFile; fileRef = 73BAA7AC2873CCC900957FA1 /* DetailedViewController.swift */; };
		73BAA7AF2874632B00957FA1 /* viewers.png in Resources */ = {isa = PBXBuildFile; fileRef = 73BAA7AE2874632A00957FA1 /* viewers.png */; };
		73BAA7B12874655300957FA1 /* fake-recommendations.png in Resources */ = {isa = PBXBuildFile; fileRef = 73BAA7B02874655200957FA1 /* fake-recommendations.png */; };
		73BAA7B628751A3200957FA1 /* LoginInMemoryStrategy.swift in Sources */ = {isa = PBXBuildFile; fileRef = 73BAA7B528751A3100957FA1 /* LoginInMemoryStrategy.swift */; };
		73BAA7B828751CF200957FA1 /* RankingStrategy.swift in Sources */ = {isa = PBXBuildFile; fileRef = 73BAA7B728751CF100957FA1 /* RankingStrategy.swift */; };
		73BAA7BA28751D6F00957FA1 /* EcoRioRankingStrategy.swift in Sources */ = {isa = PBXBuildFile; fileRef = 73BAA7B928751D6F00957FA1 /* EcoRioRankingStrategy.swift */; };
		73C2BC5228709ECF00C526F8 /* earth.png in Resources */ = {isa = PBXBuildFile; fileRef = 73C2BC4D28709ECF00C526F8 /* earth.png */; };
		73C2BC5328709ECF00C526F8 /* rock-circle.png in Resources */ = {isa = PBXBuildFile; fileRef = 73C2BC4E28709ECF00C526F8 /* rock-circle.png */; };
		73C2BC5428709ECF00C526F8 /* forest-circle.png in Resources */ = {isa = PBXBuildFile; fileRef = 73C2BC4F28709ECF00C526F8 /* forest-circle.png */; };
		73C2BC5528709ECF00C526F8 /* heart.png in Resources */ = {isa = PBXBuildFile; fileRef = 73C2BC5028709ECF00C526F8 /* heart.png */; };
		73C2BC5628709ECF00C526F8 /* sea-circle.png in Resources */ = {isa = PBXBuildFile; fileRef = 73C2BC5128709ECF00C526F8 /* sea-circle.png */; };
		73C2BC5828709F1700C526F8 /* apple.jpg in Resources */ = {isa = PBXBuildFile; fileRef = 73C2BC5728709F1700C526F8 /* apple.jpg */; };
/* End PBXBuildFile section */

/* Begin PBXFileReference section */
		732CF2EF2860FC95006ADD9F /* eco-rio-app.app */ = {isa = PBXFileReference; explicitFileType = wrapper.application; includeInIndex = 0; path = "eco-rio-app.app"; sourceTree = BUILT_PRODUCTS_DIR; };
		732CF2F22860FC95006ADD9F /* AppDelegate.swift */ = {isa = PBXFileReference; lastKnownFileType = sourcecode.swift; path = AppDelegate.swift; sourceTree = "<group>"; };
		732CF2F42860FC95006ADD9F /* SceneDelegate.swift */ = {isa = PBXFileReference; lastKnownFileType = sourcecode.swift; path = SceneDelegate.swift; sourceTree = "<group>"; };
		732CF2F62860FC95006ADD9F /* ViewController.swift */ = {isa = PBXFileReference; lastKnownFileType = sourcecode.swift; path = ViewController.swift; sourceTree = "<group>"; };
		732CF2F92860FC95006ADD9F /* Base */ = {isa = PBXFileReference; lastKnownFileType = file.storyboard; name = Base; path = Base.lproj/Main.storyboard; sourceTree = "<group>"; };
		732CF2FB2860FCA1006ADD9F /* Assets.xcassets */ = {isa = PBXFileReference; lastKnownFileType = folder.assetcatalog; path = Assets.xcassets; sourceTree = "<group>"; };
		732CF2FE2860FCA1006ADD9F /* Base */ = {isa = PBXFileReference; lastKnownFileType = file.storyboard; name = Base; path = Base.lproj/LaunchScreen.storyboard; sourceTree = "<group>"; };
		732CF3002860FCA1006ADD9F /* Info.plist */ = {isa = PBXFileReference; lastKnownFileType = text.plist.xml; path = Info.plist; sourceTree = "<group>"; };
		732CF30928610640006ADD9F /* User.swift */ = {isa = PBXFileReference; lastKnownFileType = sourcecode.swift; path = User.swift; sourceTree = "<group>"; };
		732CF30B28610943006ADD9F /* Location.swift */ = {isa = PBXFileReference; lastKnownFileType = sourcecode.swift; path = Location.swift; sourceTree = "<group>"; };
		732CF30D28610A00006ADD9F /* Place.swift */ = {isa = PBXFileReference; lastKnownFileType = sourcecode.swift; path = Place.swift; sourceTree = "<group>"; };
		732CF30F28610E73006ADD9F /* Evaluate.swift */ = {isa = PBXFileReference; lastKnownFileType = sourcecode.swift; path = Evaluate.swift; sourceTree = "<group>"; };
		732CF31128610F55006ADD9F /* Trail.swift */ = {isa = PBXFileReference; lastKnownFileType = sourcecode.swift; path = Trail.swift; sourceTree = "<group>"; };
		732CF31328611019006ADD9F /* DifficultyLevelEnum.swift */ = {isa = PBXFileReference; lastKnownFileType = sourcecode.swift; path = DifficultyLevelEnum.swift; sourceTree = "<group>"; };
		732CF315286116F3006ADD9F /* OtherAttraction.swift */ = {isa = PBXFileReference; lastKnownFileType = sourcecode.swift; path = OtherAttraction.swift; sourceTree = "<group>"; };
		732CF3172861180F006ADD9F /* CategoryEnum.swift */ = {isa = PBXFileReference; lastKnownFileType = sourcecode.swift; path = CategoryEnum.swift; sourceTree = "<group>"; };
		732CF31A28611CEC006ADD9F /* UserDAO.swift */ = {isa = PBXFileReference; lastKnownFileType = sourcecode.swift; path = UserDAO.swift; sourceTree = "<group>"; };
		732CF31C28611D3C006ADD9F /* PlaceDAO.swift */ = {isa = PBXFileReference; lastKnownFileType = sourcecode.swift; path = PlaceDAO.swift; sourceTree = "<group>"; };
		732CF31E28611F55006ADD9F /* LoginStrategy.swift */ = {isa = PBXFileReference; lastKnownFileType = sourcecode.swift; path = LoginStrategy.swift; sourceTree = "<group>"; };
		732CF324286A7BBC006ADD9F /* ListAllScreen.storyboard */ = {isa = PBXFileReference; lastKnownFileType = file.storyboard; path = ListAllScreen.storyboard; sourceTree = "<group>"; };
		732CF326286A7D57006ADD9F /* ListAllViewController.swift */ = {isa = PBXFileReference; lastKnownFileType = sourcecode.swift; path = ListAllViewController.swift; sourceTree = "<group>"; };
		733A3997286B817600160B4E /* InMemoryPlaceDAO.swift */ = {isa = PBXFileReference; lastKnownFileType = sourcecode.swift; path = InMemoryPlaceDAO.swift; sourceTree = "<group>"; };
		73BAA788287259C800957FA1 /* star.png */ = {isa = PBXFileReference; lastKnownFileType = image.png; path = star.png; sourceTree = "<group>"; };
		73BAA78A28725D0800957FA1 /* unvisited.png */ = {isa = PBXFileReference; lastKnownFileType = image.png; path = unvisited.png; sourceTree = "<group>"; };
		73BAA78B28725D0900957FA1 /* visited.png */ = {isa = PBXFileReference; lastKnownFileType = image.png; path = visited.png; sourceTree = "<group>"; };
		73BAA78E28738C7700957FA1 /* InMemoryUserDAO.swift */ = {isa = PBXFileReference; lastKnownFileType = sourcecode.swift; path = InMemoryUserDAO.swift; sourceTree = "<group>"; };
		73BAA790287392CD00957FA1 /* Session.swift */ = {isa = PBXFileReference; lastKnownFileType = sourcecode.swift; path = Session.swift; sourceTree = "<group>"; };
		73BAA7922873AC2D00957FA1 /* pointer.png */ = {isa = PBXFileReference; lastKnownFileType = image.png; path = pointer.png; sourceTree = "<group>"; };
		73BAA7942873AE0600957FA1 /* ListNearbyPlacesViewController.swift */ = {isa = PBXFileReference; lastKnownFileType = sourcecode.swift; path = ListNearbyPlacesViewController.swift; sourceTree = "<group>"; };
		73BAA7962873BD2500957FA1 /* aterro-fla.jpg */ = {isa = PBXFileReference; lastKnownFileType = image.jpeg; path = "aterro-fla.jpg"; sourceTree = "<group>"; };
		73BAA7972873BD2600957FA1 /* parque-da-cidade.jpg */ = {isa = PBXFileReference; lastKnownFileType = image.jpeg; path = "parque-da-cidade.jpg"; sourceTree = "<group>"; };
		73BAA7982873BD2600957FA1 /* jardim-botanico.jpg */ = {isa = PBXFileReference; lastKnownFileType = image.jpeg; path = "jardim-botanico.jpg"; sourceTree = "<group>"; };
		73BAA7992873BD2700957FA1 /* praia-copa.jpg */ = {isa = PBXFileReference; lastKnownFileType = image.jpeg; path = "praia-copa.jpg"; sourceTree = "<group>"; };
		73BAA79A2873BD2700957FA1 /* lagoa.jpg */ = {isa = PBXFileReference; lastKnownFileType = image.jpeg; path = lagoa.jpg; sourceTree = "<group>"; };
		73BAA79B2873BD2700957FA1 /* catacumba.jpg */ = {isa = PBXFileReference; lastKnownFileType = image.jpeg; path = catacumba.jpg; sourceTree = "<group>"; };
		73BAA79C2873BD2700957FA1 /* parque-lage.jpg */ = {isa = PBXFileReference; lastKnownFileType = image.jpeg; path = "parque-lage.jpg"; sourceTree = "<group>"; };
		73BAA79D2873BD2700957FA1 /* morro-urca.jpg */ = {isa = PBXFileReference; lastKnownFileType = image.jpeg; path = "morro-urca.jpg"; sourceTree = "<group>"; };
		73BAA79E2873BD2800957FA1 /* praia-leblon.jpg */ = {isa = PBXFileReference; lastKnownFileType = image.jpeg; path = "praia-leblon.jpg"; sourceTree = "<group>"; };
		73BAA7A82873CB2100957FA1 /* DetailingOtherPlaces.storyboard */ = {isa = PBXFileReference; lastKnownFileType = file.storyboard; path = DetailingOtherPlaces.storyboard; sourceTree = "<group>"; };
		73BAA7AC2873CCC900957FA1 /* DetailedViewController.swift */ = {isa = PBXFileReference; lastKnownFileType = sourcecode.swift; path = DetailedViewController.swift; sourceTree = "<group>"; };
		73BAA7AE2874632A00957FA1 /* viewers.png */ = {isa = PBXFileReference; lastKnownFileType = image.png; path = viewers.png; sourceTree = "<group>"; };
		73BAA7B02874655200957FA1 /* fake-recommendations.png */ = {isa = PBXFileReference; lastKnownFileType = image.png; path = "fake-recommendations.png"; sourceTree = "<group>"; };
		73BAA7B528751A3100957FA1 /* LoginInMemoryStrategy.swift */ = {isa = PBXFileReference; lastKnownFileType = sourcecode.swift; path = LoginInMemoryStrategy.swift; sourceTree = "<group>"; };
		73BAA7B728751CF100957FA1 /* RankingStrategy.swift */ = {isa = PBXFileReference; lastKnownFileType = sourcecode.swift; path = RankingStrategy.swift; sourceTree = "<group>"; };
		73BAA7B928751D6F00957FA1 /* EcoRioRankingStrategy.swift */ = {isa = PBXFileReference; lastKnownFileType = sourcecode.swift; path = EcoRioRankingStrategy.swift; sourceTree = "<group>"; };
		73C2BC4D28709ECF00C526F8 /* earth.png */ = {isa = PBXFileReference; lastKnownFileType = image.png; path = earth.png; sourceTree = "<group>"; };
		73C2BC4E28709ECF00C526F8 /* rock-circle.png */ = {isa = PBXFileReference; lastKnownFileType = image.png; path = "rock-circle.png"; sourceTree = "<group>"; };
		73C2BC4F28709ECF00C526F8 /* forest-circle.png */ = {isa = PBXFileReference; lastKnownFileType = image.png; path = "forest-circle.png"; sourceTree = "<group>"; };
		73C2BC5028709ECF00C526F8 /* heart.png */ = {isa = PBXFileReference; lastKnownFileType = image.png; path = heart.png; sourceTree = "<group>"; };
		73C2BC5128709ECF00C526F8 /* sea-circle.png */ = {isa = PBXFileReference; lastKnownFileType = image.png; path = "sea-circle.png"; sourceTree = "<group>"; };
		73C2BC5728709F1700C526F8 /* apple.jpg */ = {isa = PBXFileReference; lastKnownFileType = image.jpeg; path = apple.jpg; sourceTree = "<group>"; };
/* End PBXFileReference section */

/* Begin PBXFrameworksBuildPhase section */
		732CF2EC2860FC95006ADD9F /* Frameworks */ = {
			isa = PBXFrameworksBuildPhase;
			buildActionMask = 2147483647;
			files = (
			);
			runOnlyForDeploymentPostprocessing = 0;
		};
/* End PBXFrameworksBuildPhase section */

/* Begin PBXGroup section */
		732CF2E62860FC94006ADD9F = {
			isa = PBXGroup;
			children = (
				732CF2F12860FC95006ADD9F /* eco-rio-app */,
				732CF2F02860FC95006ADD9F /* Products */,
			);
			sourceTree = "<group>";
		};
		732CF2F02860FC95006ADD9F /* Products */ = {
			isa = PBXGroup;
			children = (
				732CF2EF2860FC95006ADD9F /* eco-rio-app.app */,
			);
			name = Products;
			sourceTree = "<group>";
		};
		732CF2F12860FC95006ADD9F /* eco-rio-app */ = {
			isa = PBXGroup;
			children = (
				73BAA7B2287515FD00957FA1 /* framework */,
				732CF31928611CB8006ADD9F /* persistence */,
				732CF3082860FF7A006ADD9F /* controller */,
				732CF3072860FF6F006ADD9F /* view */,
				732CF3062860FF63006ADD9F /* model */,
				732CF2F22860FC95006ADD9F /* AppDelegate.swift */,
				732CF2F42860FC95006ADD9F /* SceneDelegate.swift */,
				732CF2FB2860FCA1006ADD9F /* Assets.xcassets */,
				73BAA7B02874655200957FA1 /* fake-recommendations.png */,
				73BAA7AE2874632A00957FA1 /* viewers.png */,
				73BAA7962873BD2500957FA1 /* aterro-fla.jpg */,
				73BAA79B2873BD2700957FA1 /* catacumba.jpg */,
				73BAA7982873BD2600957FA1 /* jardim-botanico.jpg */,
				73BAA79A2873BD2700957FA1 /* lagoa.jpg */,
				73BAA79D2873BD2700957FA1 /* morro-urca.jpg */,
				73BAA7972873BD2600957FA1 /* parque-da-cidade.jpg */,
				73BAA79C2873BD2700957FA1 /* parque-lage.jpg */,
				73BAA7992873BD2700957FA1 /* praia-copa.jpg */,
				73BAA79E2873BD2800957FA1 /* praia-leblon.jpg */,
				73BAA7922873AC2D00957FA1 /* pointer.png */,
				73BAA78A28725D0800957FA1 /* unvisited.png */,
				73BAA78B28725D0900957FA1 /* visited.png */,
				73BAA788287259C800957FA1 /* star.png */,
				73C2BC5728709F1700C526F8 /* apple.jpg */,
				73C2BC4D28709ECF00C526F8 /* earth.png */,
				73C2BC4F28709ECF00C526F8 /* forest-circle.png */,
				73C2BC5028709ECF00C526F8 /* heart.png */,
				73C2BC4E28709ECF00C526F8 /* rock-circle.png */,
				73C2BC5128709ECF00C526F8 /* sea-circle.png */,
				732CF3002860FCA1006ADD9F /* Info.plist */,
			);
			path = "eco-rio-app";
			sourceTree = "<group>";
		};
		732CF3062860FF63006ADD9F /* model */ = {
			isa = PBXGroup;
			children = (
				73BAA7B528751A3100957FA1 /* LoginInMemoryStrategy.swift */,
				73BAA7B928751D6F00957FA1 /* EcoRioRankingStrategy.swift */,
			);
			path = model;
			sourceTree = "<group>";
		};
		732CF3072860FF6F006ADD9F /* view */ = {
			isa = PBXGroup;
			children = (
				732CF2F82860FC95006ADD9F /* Main.storyboard */,
				732CF2FD2860FCA1006ADD9F /* LaunchScreen.storyboard */,
				732CF324286A7BBC006ADD9F /* ListAllScreen.storyboard */,
				73BAA7A82873CB2100957FA1 /* DetailingOtherPlaces.storyboard */,
			);
			path = view;
			sourceTree = "<group>";
		};
		732CF3082860FF7A006ADD9F /* controller */ = {
			isa = PBXGroup;
			children = (
				732CF2F62860FC95006ADD9F /* ViewController.swift */,
				732CF326286A7D57006ADD9F /* ListAllViewController.swift */,
				73BAA790287392CD00957FA1 /* Session.swift */,
				73BAA7942873AE0600957FA1 /* ListNearbyPlacesViewController.swift */,
				73BAA7AC2873CCC900957FA1 /* DetailedViewController.swift */,
			);
			path = controller;
			sourceTree = "<group>";
		};
		732CF31928611CB8006ADD9F /* persistence */ = {
			isa = PBXGroup;
			children = (
				733A3997286B817600160B4E /* InMemoryPlaceDAO.swift */,
				73BAA78E28738C7700957FA1 /* InMemoryUserDAO.swift */,
			);
			path = persistence;
			sourceTree = "<group>";
		};
		73BAA7B2287515FD00957FA1 /* framework */ = {
			isa = PBXGroup;
			children = (
				73BAA7B42875162500957FA1 /* model */,
				73BAA7B32875161A00957FA1 /* persistence */,
			);
			path = framework;
			sourceTree = "<group>";
		};
		73BAA7B32875161A00957FA1 /* persistence */ = {
			isa = PBXGroup;
			children = (
				732CF31A28611CEC006ADD9F /* UserDAO.swift */,
				732CF31C28611D3C006ADD9F /* PlaceDAO.swift */,
			);
			path = persistence;
			sourceTree = "<group>";
		};
		73BAA7B42875162500957FA1 /* model */ = {
			isa = PBXGroup;
			children = (
				732CF30928610640006ADD9F /* User.swift */,
				732CF30B28610943006ADD9F /* Location.swift */,
				732CF30D28610A00006ADD9F /* Place.swift */,
				732CF30F28610E73006ADD9F /* Evaluate.swift */,
				732CF31128610F55006ADD9F /* Trail.swift */,
				732CF31328611019006ADD9F /* DifficultyLevelEnum.swift */,
				732CF315286116F3006ADD9F /* OtherAttraction.swift */,
				732CF3172861180F006ADD9F /* CategoryEnum.swift */,
				732CF31E28611F55006ADD9F /* LoginStrategy.swift */,
				73BAA7B728751CF100957FA1 /* RankingStrategy.swift */,
			);
			path = model;
			sourceTree = "<group>";
		};
/* End PBXGroup section */

/* Begin PBXNativeTarget section */
		732CF2EE2860FC95006ADD9F /* eco-rio-app */ = {
			isa = PBXNativeTarget;
			buildConfigurationList = 732CF3032860FCA2006ADD9F /* Build configuration list for PBXNativeTarget "eco-rio-app" */;
			buildPhases = (
				732CF2EB2860FC95006ADD9F /* Sources */,
				732CF2EC2860FC95006ADD9F /* Frameworks */,
				732CF2ED2860FC95006ADD9F /* Resources */,
			);
			buildRules = (
			);
			dependencies = (
			);
			name = "eco-rio-app";
			productName = "eco-rio-app";
			productReference = 732CF2EF2860FC95006ADD9F /* eco-rio-app.app */;
			productType = "com.apple.product-type.application";
		};
/* End PBXNativeTarget section */

/* Begin PBXProject section */
		732CF2E72860FC94006ADD9F /* Project object */ = {
			isa = PBXProject;
			attributes = {
				BuildIndependentTargetsInParallel = 1;
				LastSwiftUpdateCheck = 1320;
				LastUpgradeCheck = 1320;
				TargetAttributes = {
					732CF2EE2860FC95006ADD9F = {
						CreatedOnToolsVersion = 13.2.1;
					};
				};
			};
			buildConfigurationList = 732CF2EA2860FC94006ADD9F /* Build configuration list for PBXProject "eco-rio-app" */;
			compatibilityVersion = "Xcode 13.0";
			developmentRegion = en;
			hasScannedForEncodings = 0;
			knownRegions = (
				en,
				Base,
			);
			mainGroup = 732CF2E62860FC94006ADD9F;
			productRefGroup = 732CF2F02860FC95006ADD9F /* Products */;
			projectDirPath = "";
			projectRoot = "";
			targets = (
				732CF2EE2860FC95006ADD9F /* eco-rio-app */,
			);
		};
/* End PBXProject section */

/* Begin PBXResourcesBuildPhase section */
		732CF2ED2860FC95006ADD9F /* Resources */ = {
			isa = PBXResourcesBuildPhase;
			buildActionMask = 2147483647;
			files = (
				73C2BC5328709ECF00C526F8 /* rock-circle.png in Resources */,
				732CF325286A7BBC006ADD9F /* ListAllScreen.storyboard in Resources */,
				73C2BC5528709ECF00C526F8 /* heart.png in Resources */,
				73BAA78C28725D0A00957FA1 /* unvisited.png in Resources */,
				73BAA7A32873BD2800957FA1 /* lagoa.jpg in Resources */,
				732CF2FF2860FCA1006ADD9F /* LaunchScreen.storyboard in Resources */,
				73BAA7A62873BD2800957FA1 /* morro-urca.jpg in Resources */,
				73BAA7B12874655300957FA1 /* fake-recommendations.png in Resources */,
				732CF2FC2860FCA1006ADD9F /* Assets.xcassets in Resources */,
				73C2BC5228709ECF00C526F8 /* earth.png in Resources */,
				73BAA7A92873CB2200957FA1 /* DetailingOtherPlaces.storyboard in Resources */,
				73BAA78D28725D0A00957FA1 /* visited.png in Resources */,
				73BAA7AF2874632B00957FA1 /* viewers.png in Resources */,
				732CF2FA2860FC95006ADD9F /* Main.storyboard in Resources */,
				73C2BC5428709ECF00C526F8 /* forest-circle.png in Resources */,
				73BAA7A02873BD2800957FA1 /* parque-da-cidade.jpg in Resources */,
				73BAA7A12873BD2800957FA1 /* jardim-botanico.jpg in Resources */,
				73BAA7A42873BD2800957FA1 /* catacumba.jpg in Resources */,
				73C2BC5628709ECF00C526F8 /* sea-circle.png in Resources */,
				73BAA789287259C900957FA1 /* star.png in Resources */,
				73BAA7A22873BD2800957FA1 /* praia-copa.jpg in Resources */,
				73C2BC5828709F1700C526F8 /* apple.jpg in Resources */,
				73BAA7A72873BD2800957FA1 /* praia-leblon.jpg in Resources */,
				73BAA7932873AC2D00957FA1 /* pointer.png in Resources */,
				73BAA79F2873BD2800957FA1 /* aterro-fla.jpg in Resources */,
				73BAA7A52873BD2800957FA1 /* parque-lage.jpg in Resources */,
			);
			runOnlyForDeploymentPostprocessing = 0;
		};
/* End PBXResourcesBuildPhase section */

/* Begin PBXSourcesBuildPhase section */
		732CF2EB2860FC95006ADD9F /* Sources */ = {
			isa = PBXSourcesBuildPhase;
			buildActionMask = 2147483647;
			files = (
				732CF30A28610641006ADD9F /* User.swift in Sources */,
				732CF2F72860FC95006ADD9F /* ViewController.swift in Sources */,
				73BAA7AD2873CCCA00957FA1 /* DetailedViewController.swift in Sources */,
				732CF3182861180F006ADD9F /* CategoryEnum.swift in Sources */,
				732CF31228610F55006ADD9F /* Trail.swift in Sources */,
				732CF31D28611D3C006ADD9F /* PlaceDAO.swift in Sources */,
				732CF316286116F3006ADD9F /* OtherAttraction.swift in Sources */,
				732CF30C28610943006ADD9F /* Location.swift in Sources */,
				73BAA7BA28751D6F00957FA1 /* EcoRioRankingStrategy.swift in Sources */,
				732CF31F28611F55006ADD9F /* LoginStrategy.swift in Sources */,
				73BAA791287392CD00957FA1 /* Session.swift in Sources */,
				732CF30E28610A00006ADD9F /* Place.swift in Sources */,
				732CF31B28611CEC006ADD9F /* UserDAO.swift in Sources */,
				73BAA78F28738C7800957FA1 /* InMemoryUserDAO.swift in Sources */,
				73BAA7872872513F00957FA1 /* InMemoryPlaceDAO.swift in Sources */,
				732CF327286A7D57006ADD9F /* ListAllViewController.swift in Sources */,
				73BAA7B828751CF200957FA1 /* RankingStrategy.swift in Sources */,
				73BAA7952873AE0700957FA1 /* ListNearbyPlacesViewController.swift in Sources */,
				732CF2F32860FC95006ADD9F /* AppDelegate.swift in Sources */,
				732CF31428611019006ADD9F /* DifficultyLevelEnum.swift in Sources */,
				732CF31028610E73006ADD9F /* Evaluate.swift in Sources */,
				732CF2F52860FC95006ADD9F /* SceneDelegate.swift in Sources */,
				73BAA7B628751A3200957FA1 /* LoginInMemoryStrategy.swift in Sources */,
			);
			runOnlyForDeploymentPostprocessing = 0;
		};
/* End PBXSourcesBuildPhase section */

/* Begin PBXVariantGroup section */
		732CF2F82860FC95006ADD9F /* Main.storyboard */ = {
			isa = PBXVariantGroup;
			children = (
				732CF2F92860FC95006ADD9F /* Base */,
			);
			name = Main.storyboard;
			sourceTree = "<group>";
		};
		732CF2FD2860FCA1006ADD9F /* LaunchScreen.storyboard */ = {
			isa = PBXVariantGroup;
			children = (
				732CF2FE2860FCA1006ADD9F /* Base */,
			);
			name = LaunchScreen.storyboard;
			sourceTree = "<group>";
		};
/* End PBXVariantGroup section */

/* Begin XCBuildConfiguration section */
		732CF3012860FCA1006ADD9F /* Debug */ = {
			isa = XCBuildConfiguration;
			buildSettings = {
				ALWAYS_SEARCH_USER_PATHS = NO;
				CLANG_ANALYZER_NONNULL = YES;
				CLANG_ANALYZER_NUMBER_OBJECT_CONVERSION = YES_AGGRESSIVE;
				CLANG_CXX_LANGUAGE_STANDARD = "gnu++17";
				CLANG_CXX_LIBRARY = "libc++";
				CLANG_ENABLE_MODULES = YES;
				CLANG_ENABLE_OBJC_ARC = YES;
				CLANG_ENABLE_OBJC_WEAK = YES;
				CLANG_WARN_BLOCK_CAPTURE_AUTORELEASING = YES;
				CLANG_WARN_BOOL_CONVERSION = YES;
				CLANG_WARN_COMMA = YES;
				CLANG_WARN_CONSTANT_CONVERSION = YES;
				CLANG_WARN_DEPRECATED_OBJC_IMPLEMENTATIONS = YES;
				CLANG_WARN_DIRECT_OBJC_ISA_USAGE = YES_ERROR;
				CLANG_WARN_DOCUMENTATION_COMMENTS = YES;
				CLANG_WARN_EMPTY_BODY = YES;
				CLANG_WARN_ENUM_CONVERSION = YES;
				CLANG_WARN_INFINITE_RECURSION = YES;
				CLANG_WARN_INT_CONVERSION = YES;
				CLANG_WARN_NON_LITERAL_NULL_CONVERSION = YES;
				CLANG_WARN_OBJC_IMPLICIT_RETAIN_SELF = YES;
				CLANG_WARN_OBJC_LITERAL_CONVERSION = YES;
				CLANG_WARN_OBJC_ROOT_CLASS = YES_ERROR;
				CLANG_WARN_QUOTED_INCLUDE_IN_FRAMEWORK_HEADER = YES;
				CLANG_WARN_RANGE_LOOP_ANALYSIS = YES;
				CLANG_WARN_STRICT_PROTOTYPES = YES;
				CLANG_WARN_SUSPICIOUS_MOVE = YES;
				CLANG_WARN_UNGUARDED_AVAILABILITY = YES_AGGRESSIVE;
				CLANG_WARN_UNREACHABLE_CODE = YES;
				CLANG_WARN__DUPLICATE_METHOD_MATCH = YES;
				COPY_PHASE_STRIP = NO;
				DEBUG_INFORMATION_FORMAT = dwarf;
				ENABLE_STRICT_OBJC_MSGSEND = YES;
				ENABLE_TESTABILITY = YES;
				GCC_C_LANGUAGE_STANDARD = gnu11;
				GCC_DYNAMIC_NO_PIC = NO;
				GCC_NO_COMMON_BLOCKS = YES;
				GCC_OPTIMIZATION_LEVEL = 0;
				GCC_PREPROCESSOR_DEFINITIONS = (
					"DEBUG=1",
					"$(inherited)",
				);
				GCC_WARN_64_TO_32_BIT_CONVERSION = YES;
				GCC_WARN_ABOUT_RETURN_TYPE = YES_ERROR;
				GCC_WARN_UNDECLARED_SELECTOR = YES;
				GCC_WARN_UNINITIALIZED_AUTOS = YES_AGGRESSIVE;
				GCC_WARN_UNUSED_FUNCTION = YES;
				GCC_WARN_UNUSED_VARIABLE = YES;
				IPHONEOS_DEPLOYMENT_TARGET = 15.2;
				MTL_ENABLE_DEBUG_INFO = INCLUDE_SOURCE;
				MTL_FAST_MATH = YES;
				ONLY_ACTIVE_ARCH = YES;
				SDKROOT = iphoneos;
				SWIFT_ACTIVE_COMPILATION_CONDITIONS = DEBUG;
				SWIFT_OPTIMIZATION_LEVEL = "-Onone";
			};
			name = Debug;
		};
		732CF3022860FCA1006ADD9F /* Release */ = {
			isa = XCBuildConfiguration;
			buildSettings = {
				ALWAYS_SEARCH_USER_PATHS = NO;
				CLANG_ANALYZER_NONNULL = YES;
				CLANG_ANALYZER_NUMBER_OBJECT_CONVERSION = YES_AGGRESSIVE;
				CLANG_CXX_LANGUAGE_STANDARD = "gnu++17";
				CLANG_CXX_LIBRARY = "libc++";
				CLANG_ENABLE_MODULES = YES;
				CLANG_ENABLE_OBJC_ARC = YES;
				CLANG_ENABLE_OBJC_WEAK = YES;
				CLANG_WARN_BLOCK_CAPTURE_AUTORELEASING = YES;
				CLANG_WARN_BOOL_CONVERSION = YES;
				CLANG_WARN_COMMA = YES;
				CLANG_WARN_CONSTANT_CONVERSION = YES;
				CLANG_WARN_DEPRECATED_OBJC_IMPLEMENTATIONS = YES;
				CLANG_WARN_DIRECT_OBJC_ISA_USAGE = YES_ERROR;
				CLANG_WARN_DOCUMENTATION_COMMENTS = YES;
				CLANG_WARN_EMPTY_BODY = YES;
				CLANG_WARN_ENUM_CONVERSION = YES;
				CLANG_WARN_INFINITE_RECURSION = YES;
				CLANG_WARN_INT_CONVERSION = YES;
				CLANG_WARN_NON_LITERAL_NULL_CONVERSION = YES;
				CLANG_WARN_OBJC_IMPLICIT_RETAIN_SELF = YES;
				CLANG_WARN_OBJC_LITERAL_CONVERSION = YES;
				CLANG_WARN_OBJC_ROOT_CLASS = YES_ERROR;
				CLANG_WARN_QUOTED_INCLUDE_IN_FRAMEWORK_HEADER = YES;
				CLANG_WARN_RANGE_LOOP_ANALYSIS = YES;
				CLANG_WARN_STRICT_PROTOTYPES = YES;
				CLANG_WARN_SUSPICIOUS_MOVE = YES;
				CLANG_WARN_UNGUARDED_AVAILABILITY = YES_AGGRESSIVE;
				CLANG_WARN_UNREACHABLE_CODE = YES;
				CLANG_WARN__DUPLICATE_METHOD_MATCH = YES;
				COPY_PHASE_STRIP = NO;
				DEBUG_INFORMATION_FORMAT = "dwarf-with-dsym";
				ENABLE_NS_ASSERTIONS = NO;
				ENABLE_STRICT_OBJC_MSGSEND = YES;
				GCC_C_LANGUAGE_STANDARD = gnu11;
				GCC_NO_COMMON_BLOCKS = YES;
				GCC_WARN_64_TO_32_BIT_CONVERSION = YES;
				GCC_WARN_ABOUT_RETURN_TYPE = YES_ERROR;
				GCC_WARN_UNDECLARED_SELECTOR = YES;
				GCC_WARN_UNINITIALIZED_AUTOS = YES_AGGRESSIVE;
				GCC_WARN_UNUSED_FUNCTION = YES;
				GCC_WARN_UNUSED_VARIABLE = YES;
				IPHONEOS_DEPLOYMENT_TARGET = 15.2;
				MTL_ENABLE_DEBUG_INFO = NO;
				MTL_FAST_MATH = YES;
				SDKROOT = iphoneos;
				SWIFT_COMPILATION_MODE = wholemodule;
				SWIFT_OPTIMIZATION_LEVEL = "-O";
				VALIDATE_PRODUCT = YES;
			};
			name = Release;
		};
		732CF3042860FCA2006ADD9F /* Debug */ = {
			isa = XCBuildConfiguration;
			buildSettings = {
				ASSETCATALOG_COMPILER_APPICON_NAME = AppIcon;
				ASSETCATALOG_COMPILER_GLOBAL_ACCENT_COLOR_NAME = AccentColor;
				CODE_SIGN_STYLE = Automatic;
				CURRENT_PROJECT_VERSION = 1;
				GENERATE_INFOPLIST_FILE = YES;
				INFOPLIST_FILE = "eco-rio-app/Info.plist";
				INFOPLIST_KEY_UIApplicationSupportsIndirectInputEvents = YES;
				INFOPLIST_KEY_UILaunchStoryboardName = LaunchScreen;
				INFOPLIST_KEY_UIMainStoryboardFile = Main;
				INFOPLIST_KEY_UISupportedInterfaceOrientations_iPad = "UIInterfaceOrientationPortrait UIInterfaceOrientationPortraitUpsideDown UIInterfaceOrientationLandscapeLeft UIInterfaceOrientationLandscapeRight";
				INFOPLIST_KEY_UISupportedInterfaceOrientations_iPhone = "UIInterfaceOrientationPortrait UIInterfaceOrientationLandscapeLeft UIInterfaceOrientationLandscapeRight";
				LD_RUNPATH_SEARCH_PATHS = (
					"$(inherited)",
					"@executable_path/Frameworks",
				);
				MARKETING_VERSION = 1.0;
				PRODUCT_BUNDLE_IDENTIFIER = "eco-rio.eco-rio-app";
				PRODUCT_NAME = "$(TARGET_NAME)";
				SWIFT_EMIT_LOC_STRINGS = YES;
				SWIFT_VERSION = 5.0;
				TARGETED_DEVICE_FAMILY = "1,2";
			};
			name = Debug;
		};
		732CF3052860FCA2006ADD9F /* Release */ = {
			isa = XCBuildConfiguration;
			buildSettings = {
				ASSETCATALOG_COMPILER_APPICON_NAME = AppIcon;
				ASSETCATALOG_COMPILER_GLOBAL_ACCENT_COLOR_NAME = AccentColor;
				CODE_SIGN_STYLE = Automatic;
				CURRENT_PROJECT_VERSION = 1;
				GENERATE_INFOPLIST_FILE = YES;
				INFOPLIST_FILE = "eco-rio-app/Info.plist";
				INFOPLIST_KEY_UIApplicationSupportsIndirectInputEvents = YES;
				INFOPLIST_KEY_UILaunchStoryboardName = LaunchScreen;
				INFOPLIST_KEY_UIMainStoryboardFile = Main;
				INFOPLIST_KEY_UISupportedInterfaceOrientations_iPad = "UIInterfaceOrientationPortrait UIInterfaceOrientationPortraitUpsideDown UIInterfaceOrientationLandscapeLeft UIInterfaceOrientationLandscapeRight";
				INFOPLIST_KEY_UISupportedInterfaceOrientations_iPhone = "UIInterfaceOrientationPortrait UIInterfaceOrientationLandscapeLeft UIInterfaceOrientationLandscapeRight";
				LD_RUNPATH_SEARCH_PATHS = (
					"$(inherited)",
					"@executable_path/Frameworks",
				);
				MARKETING_VERSION = 1.0;
				PRODUCT_BUNDLE_IDENTIFIER = "eco-rio.eco-rio-app";
				PRODUCT_NAME = "$(TARGET_NAME)";
				SWIFT_EMIT_LOC_STRINGS = YES;
				SWIFT_VERSION = 5.0;
				TARGETED_DEVICE_FAMILY = "1,2";
			};
			name = Release;
		};
/* End XCBuildConfiguration section */

/* Begin XCConfigurationList section */
		732CF2EA2860FC94006ADD9F /* Build configuration list for PBXProject "eco-rio-app" */ = {
			isa = XCConfigurationList;
			buildConfigurations = (
				732CF3012860FCA1006ADD9F /* Debug */,
				732CF3022860FCA1006ADD9F /* Release */,
			);
			defaultConfigurationIsVisible = 0;
			defaultConfigurationName = Release;
		};
		732CF3032860FCA2006ADD9F /* Build configuration list for PBXNativeTarget "eco-rio-app" */ = {
			isa = XCConfigurationList;
			buildConfigurations = (
				732CF3042860FCA2006ADD9F /* Debug */,
				732CF3052860FCA2006ADD9F /* Release */,
			);
			defaultConfigurationIsVisible = 0;
			defaultConfigurationName = Release;
		};
/* End XCConfigurationList section */
	};
	rootObject = 732CF2E72860FC94006ADD9F /* Project object */;
}
